
Microsoft Visual Studio Solution File, Format Version 12.00
# Visual Studio Version 17
VisualStudioVersion = 17.10.35013.160
MinimumVisualStudioVersion = 10.0.40219.1
Project("{FAE04EC0-301F-11D3-BF4B-00C04F79EFBC}") = "TimeSeriesSplitting", "TimeSeriesSplitting\TimeSeriesSplitting.csproj", "{5CF2838E-2526-493B-951C-11EBEC76A8FC}"
EndProject
Global
	GlobalSection(SolutionConfigurationPlatforms) = preSolution
		Debug|Any CPU = Debug|Any CPU
		Release|Any CPU = Release|Any CPU
	EndGlobalSection
	GlobalSection(ProjectConfigurationPlatforms) = postSolution
		{5CF2838E-2526-493B-951C-11EBEC76A8FC}.Debug|Any CPU.ActiveCfg = Debug|Any CPU
		{5CF2838E-2526-493B-951C-11EBEC76A8FC}.Debug|Any CPU.Build.0 = Debug|Any CPU
		{5CF2838E-2526-493B-951C-11EBEC76A8FC}.Release|Any CPU.ActiveCfg = Release|Any CPU
		{5CF2838E-2526-493B-951C-11EBEC76A8FC}.Release|Any CPU.Build.0 = Release|Any CPU
	EndGlobalSection
	GlobalSection(SolutionProperties) = preSolution
		HideSolutionNode = FALSE
	EndGlobalSection
	GlobalSection(ExtensibilityGlobals) = postSolution
		SolutionGuid = {3F945D6A-5A7E-4F32-A038-284D05B0D6E5}
	EndGlobalSection
EndGlobal
