
Microsoft Visual Studio Solution File, Format Version 12.00
# Visual Studio Version 17
VisualStudioVersion = 17.10.35013.160
MinimumVisualStudioVersion = 10.0.40219.1
Project("{FAE04EC0-301F-11D3-BF4B-00C04F79EFBC}") = "LogAnalyzer", "LogAnalyzer\LogAnalyzer.csproj", "{134BD479-255A-49E4-A51C-A4502394D709}"
EndProject
Global
	GlobalSection(SolutionConfigurationPlatforms) = preSolution
		Debug|Any CPU = Debug|Any CPU
		Release|Any CPU = Release|Any CPU
	EndGlobalSection
	GlobalSection(ProjectConfigurationPlatforms) = postSolution
		{134BD479-255A-49E4-A51C-A4502394D709}.Debug|Any CPU.ActiveCfg = Debug|Any CPU
		{134BD479-255A-49E4-A51C-A4502394D709}.Debug|Any CPU.Build.0 = Debug|Any CPU
		{134BD479-255A-49E4-A51C-A4502394D709}.Release|Any CPU.ActiveCfg = Release|Any CPU
		{134BD479-255A-49E4-A51C-A4502394D709}.Release|Any CPU.Build.0 = Release|Any CPU
	EndGlobalSection
	GlobalSection(SolutionProperties) = preSolution
		HideSolutionNode = FALSE
	EndGlobalSection
	GlobalSection(ExtensibilityGlobals) = postSolution
		SolutionGuid = {05375667-A2C3-4C7E-8600-88DC6CE7C169}
	EndGlobalSection
EndGlobal
